
Microsoft Visual Studio Solution File, Format Version 12.00
# Visual Studio Version 17
VisualStudioVersion = 17.10.35013.160
MinimumVisualStudioVersion = 10.0.40219.1
Project("{FAE04EC0-301F-11D3-BF4B-00C04F79EFBC}") = "bootstrab", "bootstrab\bootstrab.csproj", "{CE6EADC0-A4CA-4258-B1E4-53365A1C271A}"
EndProject
Global
	GlobalSection(SolutionConfigurationPlatforms) = preSolution
		Debug|Any CPU = Debug|Any CPU
		Release|Any CPU = Release|Any CPU
	EndGlobalSection
	GlobalSection(ProjectConfigurationPlatforms) = postSolution
		{CE6EADC0-A4CA-4258-B1E4-53365A1C271A}.Debug|Any CPU.ActiveCfg = Debug|Any CPU
		{CE6EADC0-A4CA-4258-B1E4-53365A1C271A}.Debug|Any CPU.Build.0 = Debug|Any CPU
		{CE6EADC0-A4CA-4258-B1E4-53365A1C271A}.Release|Any CPU.ActiveCfg = Release|Any CPU
		{CE6EADC0-A4CA-4258-B1E4-53365A1C271A}.Release|Any CPU.Build.0 = Release|Any CPU
	EndGlobalSection
	GlobalSection(SolutionProperties) = preSolution
		HideSolutionNode = FALSE
	EndGlobalSection
	GlobalSection(ExtensibilityGlobals) = postSolution
		SolutionGuid = {50032A40-A866-4DEE-B1BE-C4B2A06785CE}
	EndGlobalSection
EndGlobal
